
Microsoft Visual Studio Solution File, Format Version 12.00
# Visual Studio Version 17
VisualStudioVersion = 17.1.32210.238
MinimumVisualStudioVersion = 10.0.40219.1
Project("{FAE04EC0-301F-11D3-BF4B-00C04F79EFBC}") = "PersonInfo", "PersonInfo\PersonInfo.csproj", "{2A5A1059-6355-4DFA-8022-D2BB00A74612}"
EndProject
Global
	GlobalSection(SolutionConfigurationPlatforms) = preSolution
		Debug|Any CPU = Debug|Any CPU
		Release|Any CPU = Release|Any CPU
	EndGlobalSection
	GlobalSection(ProjectConfigurationPlatforms) = postSolution
		{2A5A1059-6355-4DFA-8022-D2BB00A74612}.Debug|Any CPU.ActiveCfg = Debug|Any CPU
		{2A5A1059-6355-4DFA-8022-D2BB00A74612}.Debug|Any CPU.Build.0 = Debug|Any CPU
		{2A5A1059-6355-4DFA-8022-D2BB00A74612}.Release|Any CPU.ActiveCfg = Release|Any CPU
		{2A5A1059-6355-4DFA-8022-D2BB00A74612}.Release|Any CPU.Build.0 = Release|Any CPU
	EndGlobalSection
	GlobalSection(SolutionProperties) = preSolution
		HideSolutionNode = FALSE
	EndGlobalSection
	GlobalSection(ExtensibilityGlobals) = postSolution
		SolutionGuid = {E27D38C5-5C09-42AC-A75C-1C9FE9B0230D}
	EndGlobalSection
EndGlobal
