
Microsoft Visual Studio Solution File, Format Version 12.00
# Visual Studio Version 17
VisualStudioVersion = 17.1.32210.238
MinimumVisualStudioVersion = 10.0.40219.1
Project("{FAE04EC0-301F-11D3-BF4B-00C04F79EFBC}") = "Animals", "Animals\Animals.csproj", "{342A14BD-26CF-4380-BE11-EB89C27CA464}"
EndProject
Global
	GlobalSection(SolutionConfigurationPlatforms) = preSolution
		Debug|Any CPU = Debug|Any CPU
		Release|Any CPU = Release|Any CPU
	EndGlobalSection
	GlobalSection(ProjectConfigurationPlatforms) = postSolution
		{342A14BD-26CF-4380-BE11-EB89C27CA464}.Debug|Any CPU.ActiveCfg = Debug|Any CPU
		{342A14BD-26CF-4380-BE11-EB89C27CA464}.Debug|Any CPU.Build.0 = Debug|Any CPU
		{342A14BD-26CF-4380-BE11-EB89C27CA464}.Release|Any CPU.ActiveCfg = Release|Any CPU
		{342A14BD-26CF-4380-BE11-EB89C27CA464}.Release|Any CPU.Build.0 = Release|Any CPU
	EndGlobalSection
	GlobalSection(SolutionProperties) = preSolution
		HideSolutionNode = FALSE
	EndGlobalSection
	GlobalSection(ExtensibilityGlobals) = postSolution
		SolutionGuid = {A43C0A53-E7CA-4694-AB10-F0BAC110CD5A}
	EndGlobalSection
EndGlobal
