
Microsoft Visual Studio Solution File, Format Version 12.00
# Visual Studio Version 17
VisualStudioVersion = 17.1.32210.238
MinimumVisualStudioVersion = 10.0.40219.1
Project("{9A19103F-16F7-4668-BE54-9A1E7A4F7556}") = "BakeryOpenning", "BakeryOpenning.csproj", "{717F7C21-AE89-469D-B244-59A2F84EB669}"
EndProject
Global
	GlobalSection(SolutionConfigurationPlatforms) = preSolution
		Debug|Any CPU = Debug|Any CPU
		Release|Any CPU = Release|Any CPU
	EndGlobalSection
	GlobalSection(ProjectConfigurationPlatforms) = postSolution
		{717F7C21-AE89-469D-B244-59A2F84EB669}.Debug|Any CPU.ActiveCfg = Debug|Any CPU
		{717F7C21-AE89-469D-B244-59A2F84EB669}.Debug|Any CPU.Build.0 = Debug|Any CPU
		{717F7C21-AE89-469D-B244-59A2F84EB669}.Release|Any CPU.ActiveCfg = Release|Any CPU
		{717F7C21-AE89-469D-B244-59A2F84EB669}.Release|Any CPU.Build.0 = Release|Any CPU
	EndGlobalSection
	GlobalSection(SolutionProperties) = preSolution
		HideSolutionNode = FALSE
	EndGlobalSection
	GlobalSection(ExtensibilityGlobals) = postSolution
		SolutionGuid = {1E73D747-66AA-4A08-93EA-6CE34B9BD42B}
	EndGlobalSection
EndGlobal
