
Microsoft Visual Studio Solution File, Format Version 12.00
# Visual Studio Version 17
VisualStudioVersion = 17.1.32210.238
MinimumVisualStudioVersion = 10.0.40219.1
Project("{FAE04EC0-301F-11D3-BF4B-00C04F79EFBC}") = "Raiding", "Raiding\Raiding.csproj", "{4249D1B5-4471-48CD-9182-B7C97444A750}"
EndProject
Global
	GlobalSection(SolutionConfigurationPlatforms) = preSolution
		Debug|Any CPU = Debug|Any CPU
		Release|Any CPU = Release|Any CPU
	EndGlobalSection
	GlobalSection(ProjectConfigurationPlatforms) = postSolution
		{4249D1B5-4471-48CD-9182-B7C97444A750}.Debug|Any CPU.ActiveCfg = Debug|Any CPU
		{4249D1B5-4471-48CD-9182-B7C97444A750}.Debug|Any CPU.Build.0 = Debug|Any CPU
		{4249D1B5-4471-48CD-9182-B7C97444A750}.Release|Any CPU.ActiveCfg = Release|Any CPU
		{4249D1B5-4471-48CD-9182-B7C97444A750}.Release|Any CPU.Build.0 = Release|Any CPU
	EndGlobalSection
	GlobalSection(SolutionProperties) = preSolution
		HideSolutionNode = FALSE
	EndGlobalSection
	GlobalSection(ExtensibilityGlobals) = postSolution
		SolutionGuid = {5EC36C8D-75AE-45AD-9AA0-49AEA47FBD35}
	EndGlobalSection
EndGlobal
